
Microsoft Visual Studio Solution File, Format Version 12.00
# Visual Studio Version 16
VisualStudioVersion = 16.0.29509.3
MinimumVisualStudioVersion = 10.0.40219.1
Project("{9A19103F-16F7-4668-BE54-9A1E7A4F7556}") = "LdapAuthDemo", "LdapAuthDemo.csproj", "{2FF25B0A-B83E-4A83-9E05-46E741BD9434}"
EndProject
Global
	GlobalSection(SolutionConfigurationPlatforms) = preSolution
		Debug|Any CPU = Debug|Any CPU
		Release|Any CPU = Release|Any CPU
	EndGlobalSection
	GlobalSection(ProjectConfigurationPlatforms) = postSolution
		{2FF25B0A-B83E-4A83-9E05-46E741BD9434}.Debug|Any CPU.ActiveCfg = Debug|Any CPU
		{2FF25B0A-B83E-4A83-9E05-46E741BD9434}.Debug|Any CPU.Build.0 = Debug|Any CPU
		{2FF25B0A-B83E-4A83-9E05-46E741BD9434}.Release|Any CPU.ActiveCfg = Release|Any CPU
		{2FF25B0A-B83E-4A83-9E05-46E741BD9434}.Release|Any CPU.Build.0 = Release|Any CPU
	EndGlobalSection
	GlobalSection(SolutionProperties) = preSolution
		HideSolutionNode = FALSE
	EndGlobalSection
	GlobalSection(ExtensibilityGlobals) = postSolution
		SolutionGuid = {E92632B9-5077-433B-B230-45803540113A}
	EndGlobalSection
EndGlobal
